
Microsoft Visual Studio Solution File, Format Version 12.00
# Visual Studio 14
VisualStudioVersion = 14.0.24720.0
MinimumVisualStudioVersion = 10.0.40219.1
Project("{8BC9CEB8-8B4A-11D0-8D11-00A0C91BC942}") = "src", "src\src.vcxproj", "{F99792FC-9EE5-4540-8D22-84AB92910790}"
EndProject
Project("{8BC9CEB8-8B4A-11D0-8D11-00A0C91BC942}") = "test", "test\test.vcxproj", "{863ED068-C319-4F18-90E6-FF9F282576CA}"
EndProject
Project("{2150E333-8FDC-42A3-9474-1A3956D46DE8}") = "Solution Items", "Solution Items", "{CAEF9C05-2AE8-471F-8301-5D158CDECCAC}"
	ProjectSection(SolutionItems) = preProject
		.gitignore = .gitignore
		appveyor.yml = appveyor.yml
		common.props = common.props
		README.md = README.md
	EndProjectSection
EndProject
Global
	GlobalSection(SolutionConfigurationPlatforms) = preSolution
		Debug|x64 = Debug|x64
		Debug|x86 = Debug|x86
	EndGlobalSection
	GlobalSection(ProjectConfigurationPlatforms) = postSolution
		{F99792FC-9EE5-4540-8D22-84AB92910790}.Debug|x64.ActiveCfg = Debug|x64
		{F99792FC-9EE5-4540-8D22-84AB92910790}.Debug|x64.Build.0 = Debug|x64
		{F99792FC-9EE5-4540-8D22-84AB92910790}.Debug|x86.ActiveCfg = Debug|Win32
		{F99792FC-9EE5-4540-8D22-84AB92910790}.Debug|x86.Build.0 = Debug|Win32
		{863ED068-C319-4F18-90E6-FF9F282576CA}.Debug|x64.ActiveCfg = Debug|x64
		{863ED068-C319-4F18-90E6-FF9F282576CA}.Debug|x64.Build.0 = Debug|x64
		{863ED068-C319-4F18-90E6-FF9F282576CA}.Debug|x86.ActiveCfg = Debug|Win32
		{863ED068-C319-4F18-90E6-FF9F282576CA}.Debug|x86.Build.0 = Debug|Win32
	EndGlobalSection
	GlobalSection(SolutionProperties) = preSolution
		HideSolutionNode = FALSE
	EndGlobalSection
EndGlobal
